
Microsoft Visual Studio Solution File, Format Version 12.00
# Visual Studio 15
VisualStudioVersion = 15.0.28307.1062
MinimumVisualStudioVersion = 10.0.40219.1
Project("{9A19103F-16F7-4668-BE54-9A1E7A4F7556}") = "CloudLibrary.Data.Core.Entities", "CloudLibraryRepository\CloudLibrary.Data.Core.Entities.csproj", "{78535EA3-A69B-43CB-BC1E-D6DED45C28A8}"
EndProject
Project("{9A19103F-16F7-4668-BE54-9A1E7A4F7556}") = "CloudLibrary.Data.Core.Repositories", "CloudLibrary.Data.Repositories\CloudLibrary.Data.Core.Repositories.csproj", "{294B9317-C671-4C6D-8B6F-DAFFAD716645}"
EndProject
Project("{9A19103F-16F7-4668-BE54-9A1E7A4F7556}") = "CloudLibrary.Data.Common", "CloudLibrary.Data.Contracts\CloudLibrary.Data.Common.csproj", "{F8AFA848-B4B2-4FBF-823C-4CF78FF1C1CD}"
EndProject
Project("{9A19103F-16F7-4668-BE54-9A1E7A4F7556}") = "CloudLibrary.Data.Model", "CloudLibrary.Data.Model\CloudLibrary.Data.Model.csproj", "{D67C842F-A9CD-483B-9119-9DB129B7D5E3}"
EndProject
Global
	GlobalSection(SolutionConfigurationPlatforms) = preSolution
		Debug|Any CPU = Debug|Any CPU
		Release|Any CPU = Release|Any CPU
	EndGlobalSection
	GlobalSection(ProjectConfigurationPlatforms) = postSolution
		{78535EA3-A69B-43CB-BC1E-D6DED45C28A8}.Debug|Any CPU.ActiveCfg = Debug|Any CPU
		{78535EA3-A69B-43CB-BC1E-D6DED45C28A8}.Debug|Any CPU.Build.0 = Debug|Any CPU
		{78535EA3-A69B-43CB-BC1E-D6DED45C28A8}.Release|Any CPU.ActiveCfg = Release|Any CPU
		{78535EA3-A69B-43CB-BC1E-D6DED45C28A8}.Release|Any CPU.Build.0 = Release|Any CPU
		{294B9317-C671-4C6D-8B6F-DAFFAD716645}.Debug|Any CPU.ActiveCfg = Debug|Any CPU
		{294B9317-C671-4C6D-8B6F-DAFFAD716645}.Debug|Any CPU.Build.0 = Debug|Any CPU
		{294B9317-C671-4C6D-8B6F-DAFFAD716645}.Release|Any CPU.ActiveCfg = Release|Any CPU
		{294B9317-C671-4C6D-8B6F-DAFFAD716645}.Release|Any CPU.Build.0 = Release|Any CPU
		{F8AFA848-B4B2-4FBF-823C-4CF78FF1C1CD}.Debug|Any CPU.ActiveCfg = Debug|Any CPU
		{F8AFA848-B4B2-4FBF-823C-4CF78FF1C1CD}.Debug|Any CPU.Build.0 = Debug|Any CPU
		{F8AFA848-B4B2-4FBF-823C-4CF78FF1C1CD}.Release|Any CPU.ActiveCfg = Release|Any CPU
		{F8AFA848-B4B2-4FBF-823C-4CF78FF1C1CD}.Release|Any CPU.Build.0 = Release|Any CPU
		{D67C842F-A9CD-483B-9119-9DB129B7D5E3}.Debug|Any CPU.ActiveCfg = Debug|Any CPU
		{D67C842F-A9CD-483B-9119-9DB129B7D5E3}.Debug|Any CPU.Build.0 = Debug|Any CPU
		{D67C842F-A9CD-483B-9119-9DB129B7D5E3}.Release|Any CPU.ActiveCfg = Release|Any CPU
		{D67C842F-A9CD-483B-9119-9DB129B7D5E3}.Release|Any CPU.Build.0 = Release|Any CPU
	EndGlobalSection
	GlobalSection(SolutionProperties) = preSolution
		HideSolutionNode = FALSE
	EndGlobalSection
	GlobalSection(ExtensibilityGlobals) = postSolution
		SolutionGuid = {430BFFC1-1033-4750-89F6-FBE14BABDCDC}
	EndGlobalSection
EndGlobal
